
Microsoft Visual Studio Solution File, Format Version 12.00
# Visual Studio Version 17
VisualStudioVersion = 17.10.34902.84
MinimumVisualStudioVersion = 10.0.40219.1
Project("{FAE04EC0-301F-11D3-BF4B-00C04F79EFBC}") = "BuildDemo1", "BuildDemo1\BuildDemo1\BuildDemo1.csproj", "{8E3F3D19-7C9B-4CFD-98EE-08DE1C4B0135}"
EndProject
Project("{FAE04EC0-301F-11D3-BF4B-00C04F79EFBC}") = "BuildDemo1.Shared", "BuildDemo1\BuildDemo1.Shared\BuildDemo1.Shared.csproj", "{6301879C-C465-4138-859D-0B00D6E9DBAC}"
EndProject
Project("{FAE04EC0-301F-11D3-BF4B-00C04F79EFBC}") = "BuildDemo1.Web", "BuildDemo1\BuildDemo1.Web\BuildDemo1.Web.csproj", "{F357C7F8-FC65-4232-9A3B-8B190CB34038}"
EndProject
Global
	GlobalSection(SolutionConfigurationPlatforms) = preSolution
		Debug|Any CPU = Debug|Any CPU
		Release|Any CPU = Release|Any CPU
	EndGlobalSection
	GlobalSection(ProjectConfigurationPlatforms) = postSolution
		{8E3F3D19-7C9B-4CFD-98EE-08DE1C4B0135}.Debug|Any CPU.ActiveCfg = Debug|Any CPU
		{8E3F3D19-7C9B-4CFD-98EE-08DE1C4B0135}.Debug|Any CPU.Build.0 = Debug|Any CPU
		{8E3F3D19-7C9B-4CFD-98EE-08DE1C4B0135}.Debug|Any CPU.Deploy.0 = Debug|Any CPU
		{8E3F3D19-7C9B-4CFD-98EE-08DE1C4B0135}.Release|Any CPU.ActiveCfg = Release|Any CPU
		{8E3F3D19-7C9B-4CFD-98EE-08DE1C4B0135}.Release|Any CPU.Build.0 = Release|Any CPU
		{8E3F3D19-7C9B-4CFD-98EE-08DE1C4B0135}.Release|Any CPU.Deploy.0 = Release|Any CPU
		{6301879C-C465-4138-859D-0B00D6E9DBAC}.Debug|Any CPU.ActiveCfg = Debug|Any CPU
		{6301879C-C465-4138-859D-0B00D6E9DBAC}.Debug|Any CPU.Build.0 = Debug|Any CPU
		{6301879C-C465-4138-859D-0B00D6E9DBAC}.Release|Any CPU.ActiveCfg = Release|Any CPU
		{6301879C-C465-4138-859D-0B00D6E9DBAC}.Release|Any CPU.Build.0 = Release|Any CPU
		{F357C7F8-FC65-4232-9A3B-8B190CB34038}.Debug|Any CPU.ActiveCfg = Debug|Any CPU
		{F357C7F8-FC65-4232-9A3B-8B190CB34038}.Debug|Any CPU.Build.0 = Debug|Any CPU
		{F357C7F8-FC65-4232-9A3B-8B190CB34038}.Release|Any CPU.ActiveCfg = Release|Any CPU
		{F357C7F8-FC65-4232-9A3B-8B190CB34038}.Release|Any CPU.Build.0 = Release|Any CPU
	EndGlobalSection
	GlobalSection(SolutionProperties) = preSolution
		HideSolutionNode = FALSE
	EndGlobalSection
	GlobalSection(ExtensibilityGlobals) = postSolution
		SolutionGuid = {5E3B8CA2-D8CA-47D2-BEA7-815CCC2552AA}
	EndGlobalSection
EndGlobal
